
Microsoft Visual Studio Solution File, Format Version 12.00
# Visual Studio Version 17
VisualStudioVersion = 17.4.33122.133
MinimumVisualStudioVersion = 10.0.40219.1
Project("{FAE04EC0-301F-11D3-BF4B-00C04F79EFBC}") = "Polecenie_Replit", "Polecenie_Replit.csproj", "{56957BA0-89CD-446B-ABAE-34CD7D6AFEF7}"
EndProject
Global
	GlobalSection(SolutionConfigurationPlatforms) = preSolution
		Debug|Any CPU = Debug|Any CPU
		Release|Any CPU = Release|Any CPU
	EndGlobalSection
	GlobalSection(ProjectConfigurationPlatforms) = postSolution
		{56957BA0-89CD-446B-ABAE-34CD7D6AFEF7}.Debug|Any CPU.ActiveCfg = Debug|Any CPU
		{56957BA0-89CD-446B-ABAE-34CD7D6AFEF7}.Debug|Any CPU.Build.0 = Debug|Any CPU
		{56957BA0-89CD-446B-ABAE-34CD7D6AFEF7}.Release|Any CPU.ActiveCfg = Release|Any CPU
		{56957BA0-89CD-446B-ABAE-34CD7D6AFEF7}.Release|Any CPU.Build.0 = Release|Any CPU
	EndGlobalSection
	GlobalSection(SolutionProperties) = preSolution
		HideSolutionNode = FALSE
	EndGlobalSection
	GlobalSection(ExtensibilityGlobals) = postSolution
		SolutionGuid = {C06DD9DD-0078-4B74-8D2B-50A756D79004}
	EndGlobalSection
EndGlobal
